
Microsoft Visual Studio Solution File, Format Version 12.00
# Visual Studio Version 17
VisualStudioVersion = 17.13.35919.96
MinimumVisualStudioVersion = 10.0.40219.1
Project("{FAE04EC0-301F-11D3-BF4B-00C04F79EFBC}") = "DebuggerShimPlugin", "DebuggerShimPlugin.csproj", "{B95CE330-BF61-B5A5-B205-DAD4EA4C494C}"
EndProject
Project("{FAE04EC0-301F-11D3-BF4B-00C04F79EFBC}") = "BepInEx.Core", "..\BepinEx\BepInEx.Core\BepInEx.Core.csproj", "{F0E36034-ED07-2DD8-6705-280E6F1B2AA8}"
EndProject
Project("{FAE04EC0-301F-11D3-BF4B-00C04F79EFBC}") = "BepInEx.Unity.Mono", "..\BepinEx\Runtimes\Unity\BepInEx.Unity.Mono\BepInEx.Unity.Mono.csproj", "{962FB42D-F2EE-66B4-3B36-46F3F40613FA}"
EndProject
Project("{2150E333-8FDC-42A3-9474-1A3956D46DE8}") = "BepInEx", "BepInEx", "{02EA681E-C7D8-13C7-8484-4AC65E1B71E8}"
EndProject
Project("{FAE04EC0-301F-11D3-BF4B-00C04F79EFBC}") = "BepInEx.PatcherProvider", "..\BepinEx\BepInEx.PatcherProvider\BepInEx.PatcherProvider.csproj", "{7C4CF408-5C23-251D-9671-A43A26425D1B}"
EndProject
Project("{FAE04EC0-301F-11D3-BF4B-00C04F79EFBC}") = "BepInEx.Preloader.Core", "..\BepinEx\BepInEx.Preloader.Core\BepInEx.Preloader.Core.csproj", "{7AC66B7A-75D1-7C92-CC91-141A54542E83}"
EndProject
Project("{FAE04EC0-301F-11D3-BF4B-00C04F79EFBC}") = "BepInEx.PluginProvider", "..\BepinEx\BepInEx.PluginProvider\BepInEx.PluginProvider.csproj", "{E1106F7B-1500-BAA2-0922-982F76DE34AC}"
EndProject
Project("{FAE04EC0-301F-11D3-BF4B-00C04F79EFBC}") = "BepInEx.Unity.Mono.Preloader", "..\BepinEx\Runtimes\Unity\BepInEx.Unity.Mono.Preloader\BepInEx.Unity.Mono.Preloader.csproj", "{759292A5-339C-B953-FD38-86C1F429F4FE}"
EndProject
Global
	GlobalSection(SolutionConfigurationPlatforms) = preSolution
		Debug|Any CPU = Debug|Any CPU
		Release|Any CPU = Release|Any CPU
	EndGlobalSection
	GlobalSection(ProjectConfigurationPlatforms) = postSolution
		{B95CE330-BF61-B5A5-B205-DAD4EA4C494C}.Debug|Any CPU.ActiveCfg = Debug|Any CPU
		{B95CE330-BF61-B5A5-B205-DAD4EA4C494C}.Debug|Any CPU.Build.0 = Debug|Any CPU
		{B95CE330-BF61-B5A5-B205-DAD4EA4C494C}.Release|Any CPU.ActiveCfg = Release|Any CPU
		{B95CE330-BF61-B5A5-B205-DAD4EA4C494C}.Release|Any CPU.Build.0 = Release|Any CPU
		{F0E36034-ED07-2DD8-6705-280E6F1B2AA8}.Debug|Any CPU.ActiveCfg = Debug|Any CPU
		{F0E36034-ED07-2DD8-6705-280E6F1B2AA8}.Debug|Any CPU.Build.0 = Debug|Any CPU
		{F0E36034-ED07-2DD8-6705-280E6F1B2AA8}.Release|Any CPU.ActiveCfg = Release|Any CPU
		{F0E36034-ED07-2DD8-6705-280E6F1B2AA8}.Release|Any CPU.Build.0 = Release|Any CPU
		{962FB42D-F2EE-66B4-3B36-46F3F40613FA}.Debug|Any CPU.ActiveCfg = Debug|Any CPU
		{962FB42D-F2EE-66B4-3B36-46F3F40613FA}.Debug|Any CPU.Build.0 = Debug|Any CPU
		{962FB42D-F2EE-66B4-3B36-46F3F40613FA}.Release|Any CPU.ActiveCfg = Release|Any CPU
		{962FB42D-F2EE-66B4-3B36-46F3F40613FA}.Release|Any CPU.Build.0 = Release|Any CPU
		{7C4CF408-5C23-251D-9671-A43A26425D1B}.Debug|Any CPU.ActiveCfg = Debug|Any CPU
		{7C4CF408-5C23-251D-9671-A43A26425D1B}.Debug|Any CPU.Build.0 = Debug|Any CPU
		{7C4CF408-5C23-251D-9671-A43A26425D1B}.Release|Any CPU.ActiveCfg = Release|Any CPU
		{7C4CF408-5C23-251D-9671-A43A26425D1B}.Release|Any CPU.Build.0 = Release|Any CPU
		{7AC66B7A-75D1-7C92-CC91-141A54542E83}.Debug|Any CPU.ActiveCfg = Debug|Any CPU
		{7AC66B7A-75D1-7C92-CC91-141A54542E83}.Debug|Any CPU.Build.0 = Debug|Any CPU
		{7AC66B7A-75D1-7C92-CC91-141A54542E83}.Release|Any CPU.ActiveCfg = Release|Any CPU
		{7AC66B7A-75D1-7C92-CC91-141A54542E83}.Release|Any CPU.Build.0 = Release|Any CPU
		{E1106F7B-1500-BAA2-0922-982F76DE34AC}.Debug|Any CPU.ActiveCfg = Debug|Any CPU
		{E1106F7B-1500-BAA2-0922-982F76DE34AC}.Debug|Any CPU.Build.0 = Debug|Any CPU
		{E1106F7B-1500-BAA2-0922-982F76DE34AC}.Release|Any CPU.ActiveCfg = Release|Any CPU
		{E1106F7B-1500-BAA2-0922-982F76DE34AC}.Release|Any CPU.Build.0 = Release|Any CPU
		{759292A5-339C-B953-FD38-86C1F429F4FE}.Debug|Any CPU.ActiveCfg = Debug|Any CPU
		{759292A5-339C-B953-FD38-86C1F429F4FE}.Debug|Any CPU.Build.0 = Debug|Any CPU
		{759292A5-339C-B953-FD38-86C1F429F4FE}.Release|Any CPU.ActiveCfg = Release|Any CPU
		{759292A5-339C-B953-FD38-86C1F429F4FE}.Release|Any CPU.Build.0 = Release|Any CPU
	EndGlobalSection
	GlobalSection(SolutionProperties) = preSolution
		HideSolutionNode = FALSE
	EndGlobalSection
	GlobalSection(NestedProjects) = preSolution
		{F0E36034-ED07-2DD8-6705-280E6F1B2AA8} = {02EA681E-C7D8-13C7-8484-4AC65E1B71E8}
		{962FB42D-F2EE-66B4-3B36-46F3F40613FA} = {02EA681E-C7D8-13C7-8484-4AC65E1B71E8}
		{7C4CF408-5C23-251D-9671-A43A26425D1B} = {02EA681E-C7D8-13C7-8484-4AC65E1B71E8}
		{7AC66B7A-75D1-7C92-CC91-141A54542E83} = {02EA681E-C7D8-13C7-8484-4AC65E1B71E8}
		{E1106F7B-1500-BAA2-0922-982F76DE34AC} = {02EA681E-C7D8-13C7-8484-4AC65E1B71E8}
		{759292A5-339C-B953-FD38-86C1F429F4FE} = {02EA681E-C7D8-13C7-8484-4AC65E1B71E8}
	EndGlobalSection
	GlobalSection(ExtensibilityGlobals) = postSolution
		SolutionGuid = {0B383763-F46B-4382-83DD-B204B300EFBB}
	EndGlobalSection
EndGlobal
